
Microsoft Visual Studio Solution File, Format Version 12.00
# Visual Studio 15
VisualStudioVersion = 15.0.28307.572
MinimumVisualStudioVersion = 10.0.40219.1
Project("{9092AA53-FB77-4645-B42D-1CCCA6BD08BD}") = "React1", "React1\React1.njsproj", "{F02871FE-B2DC-428C-BBEF-C0D124FC5A6B}"
EndProject
Global
	GlobalSection(SolutionConfigurationPlatforms) = preSolution
		Debug|Any CPU = Debug|Any CPU
		Release|Any CPU = Release|Any CPU
	EndGlobalSection
	GlobalSection(ProjectConfigurationPlatforms) = postSolution
		{F02871FE-B2DC-428C-BBEF-C0D124FC5A6B}.Debug|Any CPU.ActiveCfg = Debug|Any CPU
		{F02871FE-B2DC-428C-BBEF-C0D124FC5A6B}.Debug|Any CPU.Build.0 = Debug|Any CPU
		{F02871FE-B2DC-428C-BBEF-C0D124FC5A6B}.Release|Any CPU.ActiveCfg = Release|Any CPU
		{F02871FE-B2DC-428C-BBEF-C0D124FC5A6B}.Release|Any CPU.Build.0 = Release|Any CPU
	EndGlobalSection
	GlobalSection(SolutionProperties) = preSolution
		HideSolutionNode = FALSE
	EndGlobalSection
	GlobalSection(ExtensibilityGlobals) = postSolution
		SolutionGuid = {AE2701A6-3BF4-4956-BC0F-2156B8C7A11F}
	EndGlobalSection
EndGlobal
